{
  "name": "hw_platforms_node",
  "version": "1.0.0",
  "lockfileVersion": 1,
  "requires": true,
  "dependencies": {
    "@trpowerr/hw_platforms": {
      "version": "1.0.0",
      "resolved": "https://npm.pkg.github.com/download/@trpowerr/hw_platforms/1.0.0/f22fded65c9f1d6ef99d66a2c73ae15af5d4dc1647f2fd3a86c5fd30e9849d92",
      "integrity": "sha512-ozQCvdUQtnGrulJBY5l1fqi48e4vvneHma2v7pJOoWwYk3ycE/n469AbzvNVMXlVHxh6VMK52KLYTXEwKlEFnA=="
    }
  }
}
